DEPENDENCIES
  eldus-hubot
    path: .
    metadata: true

GRAPH
  eldus-hubot (0.1.0)
    poise (>= 0.0.0)
    poise-javascript (>= 0.0.0)
    redis (>= 0.0.0)
  install_from (3.0.4)
  metachef (3.0.4)
  packagecloud (0.2.4)
  poise (2.7.1)
  poise-archive (1.2.0)
    poise (~> 2.6)
  poise-javascript (1.0.1)
    poise (~> 2.0)
    poise-languages (~> 1.2)
  poise-languages (1.4.0)
    poise (~> 2.5)
    poise-archive (~> 1.0)
  redis (3.0.4)
    install_from (>= 0.0.0)
    metachef (>= 0.0.0)
    runit (>= 0.0.0)
  runit (1.7.8)
    packagecloud (>= 0.0.0)
